
Microsoft Visual Studio Solution File, Format Version 12.00
# Visual Studio 15
VisualStudioVersion = 15.0.27703.2035
MinimumVisualStudioVersion = 10.0.40219.1
Project("{FAE04EC0-301F-11D3-BF4B-00C04F79EFBC}") = "ColumbiUniversitySample", "ColumbiUniversitySample\ColumbiUniversitySample.csproj", "{E72D70E3-8A5D-4727-9EB4-BEC154323CAB}"
EndProject
Global
	GlobalSection(SolutionConfigurationPlatforms) = preSolution
		Debug|Any CPU = Debug|Any CPU
		Release|Any CPU = Release|Any CPU
	EndGlobalSection
	GlobalSection(ProjectConfigurationPlatforms) = postSolution
		{E72D70E3-8A5D-4727-9EB4-BEC154323CAB}.Debug|Any CPU.ActiveCfg = Debug|Any CPU
		{E72D70E3-8A5D-4727-9EB4-BEC154323CAB}.Debug|Any CPU.Build.0 = Debug|Any CPU
		{E72D70E3-8A5D-4727-9EB4-BEC154323CAB}.Release|Any CPU.ActiveCfg = Release|Any CPU
		{E72D70E3-8A5D-4727-9EB4-BEC154323CAB}.Release|Any CPU.Build.0 = Release|Any CPU
	EndGlobalSection
	GlobalSection(SolutionProperties) = preSolution
		HideSolutionNode = FALSE
	EndGlobalSection
	GlobalSection(ExtensibilityGlobals) = postSolution
		SolutionGuid = {7A3278A4-67A3-4602-80E8-3E35D2C3F355}
	EndGlobalSection
EndGlobal
